
Microsoft Visual Studio Solution File, Format Version 12.00
# Visual Studio Version 17
VisualStudioVersion = 17.13.35931.197 d17.13
MinimumVisualStudioVersion = 10.0.40219.1
Project("{FAE04EC0-301F-11D3-BF4B-00C04F79EFBC}") = "ClassSeaGuardApp", "ClassSeaGuardApp.csproj", "{67C27FCA-D9FA-4FD3-AF63-524BB2D8FE64}"
EndProject
Global
	GlobalSection(SolutionConfigurationPlatforms) = preSolution
		Debug|Any CPU = Debug|Any CPU
		Release|Any CPU = Release|Any CPU
	EndGlobalSection
	GlobalSection(ProjectConfigurationPlatforms) = postSolution
		{67C27FCA-D9FA-4FD3-AF63-524BB2D8FE64}.Debug|Any CPU.ActiveCfg = Debug|Any CPU
		{67C27FCA-D9FA-4FD3-AF63-524BB2D8FE64}.Debug|Any CPU.Build.0 = Debug|Any CPU
		{67C27FCA-D9FA-4FD3-AF63-524BB2D8FE64}.Release|Any CPU.ActiveCfg = Release|Any CPU
		{67C27FCA-D9FA-4FD3-AF63-524BB2D8FE64}.Release|Any CPU.Build.0 = Release|Any CPU
	EndGlobalSection
	GlobalSection(SolutionProperties) = preSolution
		HideSolutionNode = FALSE
	EndGlobalSection
	GlobalSection(ExtensibilityGlobals) = postSolution
		SolutionGuid = {FAF829E8-50B1-4CB6-98A7-52ECF7C2FD51}
	EndGlobalSection
EndGlobal
